
Microsoft Visual Studio Solution File, Format Version 12.00
# Visual Studio Version 17
VisualStudioVersion = 17.5.33502.453
MinimumVisualStudioVersion = 10.0.40219.1
Project("{8BC9CEB8-8B4A-11D0-8D11-00A0C91BC942}") = "Work1", "Work1\Work1.vcxproj", "{3B8515E2-0E1B-42FF-B425-E9AFAE710492}"
EndProject
Project("{8BC9CEB8-8B4A-11D0-8D11-00A0C91BC942}") = "Work_1", "Work_1\Work_1.vcxproj", "{3F79707C-1A90-4A42-9A29-AA76349FC695}"
EndProject
Global
	GlobalSection(SolutionConfigurationPlatforms) = preSolution
		Debug|x64 = Debug|x64
		Debug|x86 = Debug|x86
		Release|x64 = Release|x64
		Release|x86 = Release|x86
	EndGlobalSection
	GlobalSection(ProjectConfigurationPlatforms) = postSolution
		{3B8515E2-0E1B-42FF-B425-E9AFAE710492}.Debug|x64.ActiveCfg = Debug|x64
		{3B8515E2-0E1B-42FF-B425-E9AFAE710492}.Debug|x64.Build.0 = Debug|x64
		{3B8515E2-0E1B-42FF-B425-E9AFAE710492}.Debug|x86.ActiveCfg = Debug|Win32
		{3B8515E2-0E1B-42FF-B425-E9AFAE710492}.Debug|x86.Build.0 = Debug|Win32
		{3B8515E2-0E1B-42FF-B425-E9AFAE710492}.Release|x64.ActiveCfg = Release|x64
		{3B8515E2-0E1B-42FF-B425-E9AFAE710492}.Release|x64.Build.0 = Release|x64
		{3B8515E2-0E1B-42FF-B425-E9AFAE710492}.Release|x86.ActiveCfg = Release|Win32
		{3B8515E2-0E1B-42FF-B425-E9AFAE710492}.Release|x86.Build.0 = Release|Win32
		{3F79707C-1A90-4A42-9A29-AA76349FC695}.Debug|x64.ActiveCfg = Debug|x64
		{3F79707C-1A90-4A42-9A29-AA76349FC695}.Debug|x64.Build.0 = Debug|x64
		{3F79707C-1A90-4A42-9A29-AA76349FC695}.Debug|x86.ActiveCfg = Debug|Win32
		{3F79707C-1A90-4A42-9A29-AA76349FC695}.Debug|x86.Build.0 = Debug|Win32
		{3F79707C-1A90-4A42-9A29-AA76349FC695}.Release|x64.ActiveCfg = Release|x64
		{3F79707C-1A90-4A42-9A29-AA76349FC695}.Release|x64.Build.0 = Release|x64
		{3F79707C-1A90-4A42-9A29-AA76349FC695}.Release|x86.ActiveCfg = Release|Win32
		{3F79707C-1A90-4A42-9A29-AA76349FC695}.Release|x86.Build.0 = Release|Win32
	EndGlobalSection
	GlobalSection(SolutionProperties) = preSolution
		HideSolutionNode = FALSE
	EndGlobalSection
	GlobalSection(ExtensibilityGlobals) = postSolution
		SolutionGuid = {4E0862FB-A56B-46E8-8C62-BA02B3C1D44E}
	EndGlobalSection
EndGlobal
